
Microsoft Visual Studio Solution File, Format Version 12.00
# Visual Studio Version 17
VisualStudioVersion = 17.5.33424.131
MinimumVisualStudioVersion = 10.0.40219.1
Project("{FAE04EC0-301F-11D3-BF4B-00C04F79EFBC}") = "AVS.Criptography", "AVS.Criptography\AVS.Criptography.csproj", "{92C55611-4B7C-4115-82A8-43817DFDD83D}"
EndProject
Global
	GlobalSection(SolutionConfigurationPlatforms) = preSolution
		Debug|Any CPU = Debug|Any CPU
		Release|Any CPU = Release|Any CPU
	EndGlobalSection
	GlobalSection(ProjectConfigurationPlatforms) = postSolution
		{92C55611-4B7C-4115-82A8-43817DFDD83D}.Debug|Any CPU.ActiveCfg = Debug|Any CPU
		{92C55611-4B7C-4115-82A8-43817DFDD83D}.Debug|Any CPU.Build.0 = Debug|Any CPU
		{92C55611-4B7C-4115-82A8-43817DFDD83D}.Release|Any CPU.ActiveCfg = Release|Any CPU
		{92C55611-4B7C-4115-82A8-43817DFDD83D}.Release|Any CPU.Build.0 = Release|Any CPU
	EndGlobalSection
	GlobalSection(SolutionProperties) = preSolution
		HideSolutionNode = FALSE
	EndGlobalSection
	GlobalSection(ExtensibilityGlobals) = postSolution
		SolutionGuid = {AECA80D7-E7AE-4100-8613-E852D34FFFAD}
	EndGlobalSection
EndGlobal
